schema: '2.0'
stages:
  predict:
    cmd: python src/stages/predict.py --config=pipelines/predict/params.yaml
    deps:
    - path: data/test.csv
      hash: md5
      md5: 687459f072a7c6c40811788454c47cd9
      size: 1447529
    - path: models/model.joblib
      hash: md5
      md5: 705de949e042825bb2d172e7da45ac0e
      size: 73588
    - path: src/stages/predict.py
      hash: md5
      md5: c3665c2d31b1759f1de8ef817b425e80
      size: 1943
    params:
      pipelines/predict/params.yaml:
        base:
          logging_level: INFO
        data:
          raw_data: data/test.txt
          test_data: data/test.csv
          target_col: INCOME
          prediction_col: INCOME
          batch_id: abcd1234
        predict:
          model_path: models/model.joblib
          predictions_dir: data/predictions
    outs:
    - path: data/predictions/prediction_abcd1234.csv
      hash: md5
      md5: a1be9c4df56d08598e6bc1ccf7114420
      size: 837172
  preprocessing:
    cmd: python src/stages/preprocess.py --config=pipelines/predict/params.yaml
    deps:
    - path: data/test.txt
      hash: md5
      md5: f60258e30fdda22003f5377dea300d11
      size: 827166
    - path: src/stages/preprocess.py
      hash: md5
      md5: 9b7cc92a4e9fbef07ab4348e2321e0b6
      size: 2328
    params:
      pipelines/predict/params.yaml:
        base:
          logging_level: INFO
        data:
          raw_data: data/test.txt
          test_data: data/test.csv
          target_col: INCOME
          prediction_col: INCOME
          batch_id: abcd1234
    outs:
    - path: data/test.csv
      hash: md5
      md5: 687459f072a7c6c40811788454c47cd9
      size: 1447529
